// !$*UTF8*$!
{
	archiveVersion = 1;
	classes = {
	};
	objectVersion = 56;
	objects = {

/* Begin PBXBuildFile section */
		3727FB4E29FB2F3F008CC02B /* SolutionList.swift in Sources */ = {isa = PBXBuildFile; fileRef = 3727FB4D29FB2F3F008CC02B /* SolutionList.swift */; };
		3727FB5029FB2F82008CC02B /* InputList.swift in Sources */ = {isa = PBXBuildFile; fileRef = 3727FB4F29FB2F82008CC02B /* InputList.swift */; };
		3727FB5229FB2FA2008CC02B /* SolutionRow.swift in Sources */ = {isa = PBXBuildFile; fileRef = 3727FB5129FB2FA2008CC02B /* SolutionRow.swift */; };
		3727FB5429FB2FD6008CC02B /* InputRow.swift in Sources */ = {isa = PBXBuildFile; fileRef = 3727FB5329FB2FD6008CC02B /* InputRow.swift */; };
		3727FB5629FB300E008CC02B /* RunnerView.swift in Sources */ = {isa = PBXBuildFile; fileRef = 3727FB5529FB300E008CC02B /* RunnerView.swift */; };
		3727FB5829FB3048008CC02B /* StopwatchView.swift in Sources */ = {isa = PBXBuildFile; fileRef = 3727FB5729FB3048008CC02B /* StopwatchView.swift */; };
		3727FB5A29FB3064008CC02B /* StopwatchUnitView.swift in Sources */ = {isa = PBXBuildFile; fileRef = 3727FB5929FB3064008CC02B /* StopwatchUnitView.swift */; };
		373E6DA22A06E26600922877 /* VisualizerDelegate.swift in Sources */ = {isa = PBXBuildFile; fileRef = 373E6DA12A06E26600922877 /* VisualizerDelegate.swift */; };
		373E6DA42A07E45100922877 /* ProgressVisualizer.swift in Sources */ = {isa = PBXBuildFile; fileRef = 373E6DA32A07E45100922877 /* ProgressVisualizer.swift */; };
		373E6DA62A08176D00922877 /* Day01.swift in Sources */ = {isa = PBXBuildFile; fileRef = 373E6DA52A08176D00922877 /* Day01.swift */; };
		373E6DA82A08258100922877 /* Day01Visualizer-2022.swift in Sources */ = {isa = PBXBuildFile; fileRef = 373E6DA72A08258100922877 /* Day01Visualizer-2022.swift */; };
		3756E6E929FAE9EB00C1430B /* AoCSpatialTests.swift in Sources */ = {isa = PBXBuildFile; fileRef = 3756E6E829FAE9EB00C1430B /* AoCSpatialTests.swift */; };
		379F507229F954A100B16514 /* AoC_2023App.swift in Sources */ = {isa = PBXBuildFile; fileRef = 379F507129F954A100B16514 /* AoC_2023App.swift */; };
		379F507429F954A100B16514 /* ContentView.swift in Sources */ = {isa = PBXBuildFile; fileRef = 379F507329F954A100B16514 /* ContentView.swift */; };
		379F507629F954A200B16514 /* Assets.xcassets in Resources */ = {isa = PBXBuildFile; fileRef = 379F507529F954A200B16514 /* Assets.xcassets */; };
		379F507A29F954A200B16514 /* Preview Assets.xcassets in Resources */ = {isa = PBXBuildFile; fileRef = 379F507929F954A200B16514 /* Preview Assets.xcassets */; };
		379F508429F954A200B16514 /* AoC_2023Tests.swift in Sources */ = {isa = PBXBuildFile; fileRef = 379F508329F954A200B16514 /* AoC_2023Tests.swift */; };
		379F508E29F954A200B16514 /* AoC_2023UITests.swift in Sources */ = {isa = PBXBuildFile; fileRef = 379F508D29F954A200B16514 /* AoC_2023UITests.swift */; };
		379F509029F954A200B16514 /* AoC_2023UITestsLaunchTests.swift in Sources */ = {isa = PBXBuildFile; fileRef = 379F508F29F954A200B16514 /* AoC_2023UITestsLaunchTests.swift */; };
		37CB5DFD29F98884008C051C /* AoCUtil.swift in Sources */ = {isa = PBXBuildFile; fileRef = 37CB5DFC29F98884008C051C /* AoCUtil.swift */; };
		37CB5DFF29F99A28008C051C /* AoCUtilTests.swift in Sources */ = {isa = PBXBuildFile; fileRef = 37CB5DFE29F99A28008C051C /* AoCUtilTests.swift */; };
		37CB5E0129F99B4F008C051C /* Day00.swift in Sources */ = {isa = PBXBuildFile; fileRef = 37CB5E0029F99B4F008C051C /* Day00.swift */; };
		37CB5E0329FA25D9008C051C /* AoCString.swift in Sources */ = {isa = PBXBuildFile; fileRef = 37CB5E0229FA25D9008C051C /* AoCString.swift */; };
		37CB5E0529FA2616008C051C /* AoCStringTests.swift in Sources */ = {isa = PBXBuildFile; fileRef = 37CB5E0429FA2616008C051C /* AoCStringTests.swift */; };
		37DB7E1B29FAC6DA00EAF547 /* AoCSpatial.swift in Sources */ = {isa = PBXBuildFile; fileRef = 37DB7E1A29FAC6DA00EAF547 /* AoCSpatial.swift */; };
		37FDA8802A0460EF00F7DB4A /* ResultView.swift in Sources */ = {isa = PBXBuildFile; fileRef = 37FDA87F2A0460EF00F7DB4A /* ResultView.swift */; };
		37FDA8822A0462BF00F7DB4A /* InputContentView.swift in Sources */ = {isa = PBXBuildFile; fileRef = 37FDA8812A0462BF00F7DB4A /* InputContentView.swift */; };
		37FDA8852A04648100F7DB4A /* SpriteKit.framework in Frameworks */ = {isa = PBXBuildFile; fileRef = 37FDA8842A04648100F7DB4A /* SpriteKit.framework */; };
		37FDA88A2A04694B00F7DB4A /* VisualizerScene.swift in Sources */ = {isa = PBXBuildFile; fileRef = 37FDA8892A04694B00F7DB4A /* VisualizerScene.swift */; };
		37FDA88C2A0469C100F7DB4A /* UIKit.framework in Frameworks */ = {isa = PBXBuildFile; fileRef = 37FDA88B2A0469C100F7DB4A /* UIKit.framework */; platformFilter = ios; };
/* End PBXBuildFile section */

/* Begin PBXContainerItemProxy section */
		379F508029F954A200B16514 /* PBXContainerItemProxy */ = {
			isa = PBXContainerItemProxy;
			containerPortal = 379F506629F954A100B16514 /* Project object */;
			proxyType = 1;
			remoteGlobalIDString = 379F506D29F954A100B16514;
			remoteInfo = "AoC 2023";
		};
		379F508A29F954A200B16514 /* PBXContainerItemProxy */ = {
			isa = PBXContainerItemProxy;
			containerPortal = 379F506629F954A100B16514 /* Project object */;
			proxyType = 1;
			remoteGlobalIDString = 379F506D29F954A100B16514;
			remoteInfo = "AoC 2023";
		};
/* End PBXContainerItemProxy section */

/* Begin PBXFileReference section */
		3727FB4D29FB2F3F008CC02B /* SolutionList.swift */ = {isa = PBXFileReference; lastKnownFileType = sourcecode.swift; path = SolutionList.swift; sourceTree = "<group>"; };
		3727FB4F29FB2F82008CC02B /* InputList.swift */ = {isa = PBXFileReference; lastKnownFileType = sourcecode.swift; path = InputList.swift; sourceTree = "<group>"; };
		3727FB5129FB2FA2008CC02B /* SolutionRow.swift */ = {isa = PBXFileReference; lastKnownFileType = sourcecode.swift; path = SolutionRow.swift; sourceTree = "<group>"; };
		3727FB5329FB2FD6008CC02B /* InputRow.swift */ = {isa = PBXFileReference; lastKnownFileType = sourcecode.swift; path = InputRow.swift; sourceTree = "<group>"; };
		3727FB5529FB300E008CC02B /* RunnerView.swift */ = {isa = PBXFileReference; lastKnownFileType = sourcecode.swift; path = RunnerView.swift; sourceTree = "<group>"; };
		3727FB5729FB3048008CC02B /* StopwatchView.swift */ = {isa = PBXFileReference; lastKnownFileType = sourcecode.swift; path = StopwatchView.swift; sourceTree = "<group>"; };
		3727FB5929FB3064008CC02B /* StopwatchUnitView.swift */ = {isa = PBXFileReference; lastKnownFileType = sourcecode.swift; path = StopwatchUnitView.swift; sourceTree = "<group>"; };
		373E6DA12A06E26600922877 /* VisualizerDelegate.swift */ = {isa = PBXFileReference; lastKnownFileType = sourcecode.swift; path = VisualizerDelegate.swift; sourceTree = "<group>"; };
		373E6DA32A07E45100922877 /* ProgressVisualizer.swift */ = {isa = PBXFileReference; lastKnownFileType = sourcecode.swift; path = ProgressVisualizer.swift; sourceTree = "<group>"; };
		373E6DA52A08176D00922877 /* Day01.swift */ = {isa = PBXFileReference; lastKnownFileType = sourcecode.swift; path = Day01.swift; sourceTree = "<group>"; };
		373E6DA72A08258100922877 /* Day01Visualizer-2022.swift */ = {isa = PBXFileReference; lastKnownFileType = sourcecode.swift; path = "Day01Visualizer-2022.swift"; sourceTree = "<group>"; };
		3756E6E829FAE9EB00C1430B /* AoCSpatialTests.swift */ = {isa = PBXFileReference; lastKnownFileType = sourcecode.swift; path = AoCSpatialTests.swift; sourceTree = "<group>"; };
		379F506E29F954A100B16514 /* AoC 2023.app */ = {isa = PBXFileReference; explicitFileType = wrapper.application; includeInIndex = 0; path = "AoC 2023.app"; sourceTree = BUILT_PRODUCTS_DIR; };
		379F507129F954A100B16514 /* AoC_2023App.swift */ = {isa = PBXFileReference; lastKnownFileType = sourcecode.swift; path = AoC_2023App.swift; sourceTree = "<group>"; };
		379F507329F954A100B16514 /* ContentView.swift */ = {isa = PBXFileReference; lastKnownFileType = sourcecode.swift; path = ContentView.swift; sourceTree = "<group>"; };
		379F507529F954A200B16514 /* Assets.xcassets */ = {isa = PBXFileReference; lastKnownFileType = folder.assetcatalog; path = Assets.xcassets; sourceTree = "<group>"; };
		379F507729F954A200B16514 /* AoC_2023.entitlements */ = {isa = PBXFileReference; lastKnownFileType = text.plist.entitlements; path = AoC_2023.entitlements; sourceTree = "<group>"; };
		379F507929F954A200B16514 /* Preview Assets.xcassets */ = {isa = PBXFileReference; lastKnownFileType = folder.assetcatalog; path = "Preview Assets.xcassets"; sourceTree = "<group>"; };
		379F507F29F954A200B16514 /* AoC 2023Tests.xctest */ = {isa = PBXFileReference; explicitFileType = wrapper.cfbundle; includeInIndex = 0; path = "AoC 2023Tests.xctest"; sourceTree = BUILT_PRODUCTS_DIR; };
		379F508329F954A200B16514 /* AoC_2023Tests.swift */ = {isa = PBXFileReference; lastKnownFileType = sourcecode.swift; path = AoC_2023Tests.swift; sourceTree = "<group>"; };
		379F508929F954A200B16514 /* AoC 2023UITests.xctest */ = {isa = PBXFileReference; explicitFileType = wrapper.cfbundle; includeInIndex = 0; path = "AoC 2023UITests.xctest"; sourceTree = BUILT_PRODUCTS_DIR; };
		379F508D29F954A200B16514 /* AoC_2023UITests.swift */ = {isa = PBXFileReference; lastKnownFileType = sourcecode.swift; path = AoC_2023UITests.swift; sourceTree = "<group>"; };
		379F508F29F954A200B16514 /* AoC_2023UITestsLaunchTests.swift */ = {isa = PBXFileReference; lastKnownFileType = sourcecode.swift; path = AoC_2023UITestsLaunchTests.swift; sourceTree = "<group>"; };
		37CB5DFC29F98884008C051C /* AoCUtil.swift */ = {isa = PBXFileReference; lastKnownFileType = sourcecode.swift; path = AoCUtil.swift; sourceTree = "<group>"; };
		37CB5DFE29F99A28008C051C /* AoCUtilTests.swift */ = {isa = PBXFileReference; lastKnownFileType = sourcecode.swift; path = AoCUtilTests.swift; sourceTree = "<group>"; };
		37CB5E0029F99B4F008C051C /* Day00.swift */ = {isa = PBXFileReference; lastKnownFileType = sourcecode.swift; path = Day00.swift; sourceTree = "<group>"; };
		37CB5E0229FA25D9008C051C /* AoCString.swift */ = {isa = PBXFileReference; lastKnownFileType = sourcecode.swift; path = AoCString.swift; sourceTree = "<group>"; };
		37CB5E0429FA2616008C051C /* AoCStringTests.swift */ = {isa = PBXFileReference; lastKnownFileType = sourcecode.swift; path = AoCStringTests.swift; sourceTree = "<group>"; };
		37DB7E1A29FAC6DA00EAF547 /* AoCSpatial.swift */ = {isa = PBXFileReference; lastKnownFileType = sourcecode.swift; path = AoCSpatial.swift; sourceTree = "<group>"; };
		37FDA87F2A0460EF00F7DB4A /* ResultView.swift */ = {isa = PBXFileReference; lastKnownFileType = sourcecode.swift; path = ResultView.swift; sourceTree = "<group>"; };
		37FDA8812A0462BF00F7DB4A /* InputContentView.swift */ = {isa = PBXFileReference; lastKnownFileType = sourcecode.swift; path = InputContentView.swift; sourceTree = "<group>"; };
		37FDA8842A04648100F7DB4A /* SpriteKit.framework */ = {isa = PBXFileReference; lastKnownFileType = wrapper.framework; name = SpriteKit.framework; path = Platforms/iPhoneOS.platform/Developer/SDKs/iPhoneOS16.4.sdk/System/Library/Frameworks/SpriteKit.framework; sourceTree = DEVELOPER_DIR; };
		37FDA8892A04694B00F7DB4A /* VisualizerScene.swift */ = {isa = PBXFileReference; lastKnownFileType = sourcecode.swift; path = VisualizerScene.swift; sourceTree = "<group>"; };
		37FDA88B2A0469C100F7DB4A /* UIKit.framework */ = {isa = PBXFileReference; lastKnownFileType = wrapper.framework; name = UIKit.framework; path = Platforms/iPhoneOS.platform/Developer/SDKs/iPhoneOS16.4.sdk/System/Library/Frameworks/UIKit.framework; sourceTree = DEVELOPER_DIR; };
/* End PBXFileReference section */

/* Begin PBXFrameworksBuildPhase section */
		379F506B29F954A100B16514 /* Frameworks */ = {
			isa = PBXFrameworksBuildPhase;
			buildActionMask = 2147483647;
			files = (
				37FDA88C2A0469C100F7DB4A /* UIKit.framework in Frameworks */,
				37FDA8852A04648100F7DB4A /* SpriteKit.framework in Frameworks */,
			);
			runOnlyForDeploymentPostprocessing = 0;
		};
		379F507C29F954A200B16514 /* Frameworks */ = {
			isa = PBXFrameworksBuildPhase;
			buildActionMask = 2147483647;
			files = (
			);
			runOnlyForDeploymentPostprocessing = 0;
		};
		379F508629F954A200B16514 /* Frameworks */ = {
			isa = PBXFrameworksBuildPhase;
			buildActionMask = 2147483647;
			files = (
			);
			runOnlyForDeploymentPostprocessing = 0;
		};
/* End PBXFrameworksBuildPhase section */

/* Begin PBXGroup section */
		379F506529F954A100B16514 = {
			isa = PBXGroup;
			children = (
				379F507029F954A100B16514 /* AoC 2023 */,
				379F508229F954A200B16514 /* AoC 2023Tests */,
				379F508C29F954A200B16514 /* AoC 2023UITests */,
				379F506F29F954A100B16514 /* Products */,
				37FDA8832A04648100F7DB4A /* Frameworks */,
			);
			sourceTree = "<group>";
		};
		379F506F29F954A100B16514 /* Products */ = {
			isa = PBXGroup;
			children = (
				379F506E29F954A100B16514 /* AoC 2023.app */,
				379F507F29F954A200B16514 /* AoC 2023Tests.xctest */,
				379F508929F954A200B16514 /* AoC 2023UITests.xctest */,
			);
			name = Products;
			sourceTree = "<group>";
		};
		379F507029F954A100B16514 /* AoC 2023 */ = {
			isa = PBXGroup;
			children = (
				37FDA8862A0468CF00F7DB4A /* Visualization */,
				379F509C29F9551700B16514 /* Solutions */,
				379F509D29F9552200B16514 /* Libraries */,
				379F509E29F9553300B16514 /* Views */,
				379F507129F954A100B16514 /* AoC_2023App.swift */,
				379F507529F954A200B16514 /* Assets.xcassets */,
				379F507729F954A200B16514 /* AoC_2023.entitlements */,
				379F507829F954A200B16514 /* Preview Content */,
			);
			path = "AoC 2023";
			sourceTree = "<group>";
		};
		379F507829F954A200B16514 /* Preview Content */ = {
			isa = PBXGroup;
			children = (
				379F507929F954A200B16514 /* Preview Assets.xcassets */,
			);
			path = "Preview Content";
			sourceTree = "<group>";
		};
		379F508229F954A200B16514 /* AoC 2023Tests */ = {
			isa = PBXGroup;
			children = (
				379F508329F954A200B16514 /* AoC_2023Tests.swift */,
				37CB5DFE29F99A28008C051C /* AoCUtilTests.swift */,
				37CB5E0429FA2616008C051C /* AoCStringTests.swift */,
				3756E6E829FAE9EB00C1430B /* AoCSpatialTests.swift */,
			);
			path = "AoC 2023Tests";
			sourceTree = "<group>";
		};
		379F508C29F954A200B16514 /* AoC 2023UITests */ = {
			isa = PBXGroup;
			children = (
				379F508D29F954A200B16514 /* AoC_2023UITests.swift */,
				379F508F29F954A200B16514 /* AoC_2023UITestsLaunchTests.swift */,
			);
			path = "AoC 2023UITests";
			sourceTree = "<group>";
		};
		379F509C29F9551700B16514 /* Solutions */ = {
			isa = PBXGroup;
			children = (
				37CB5E0029F99B4F008C051C /* Day00.swift */,
				373E6DA52A08176D00922877 /* Day01.swift */,
			);
			path = Solutions;
			sourceTree = "<group>";
		};
		379F509D29F9552200B16514 /* Libraries */ = {
			isa = PBXGroup;
			children = (
				37CB5DFC29F98884008C051C /* AoCUtil.swift */,
				37CB5E0229FA25D9008C051C /* AoCString.swift */,
				37DB7E1A29FAC6DA00EAF547 /* AoCSpatial.swift */,
			);
			path = Libraries;
			sourceTree = "<group>";
		};
		379F509E29F9553300B16514 /* Views */ = {
			isa = PBXGroup;
			children = (
				379F507329F954A100B16514 /* ContentView.swift */,
				3727FB4D29FB2F3F008CC02B /* SolutionList.swift */,
				3727FB5129FB2FA2008CC02B /* SolutionRow.swift */,
				3727FB4F29FB2F82008CC02B /* InputList.swift */,
				3727FB5329FB2FD6008CC02B /* InputRow.swift */,
				3727FB5529FB300E008CC02B /* RunnerView.swift */,
				37FDA8812A0462BF00F7DB4A /* InputContentView.swift */,
				37FDA87F2A0460EF00F7DB4A /* ResultView.swift */,
				3727FB5729FB3048008CC02B /* StopwatchView.swift */,
				3727FB5929FB3064008CC02B /* StopwatchUnitView.swift */,
			);
			path = Views;
			sourceTree = "<group>";
		};
		37FDA8832A04648100F7DB4A /* Frameworks */ = {
			isa = PBXGroup;
			children = (
				37FDA88B2A0469C100F7DB4A /* UIKit.framework */,
				37FDA8842A04648100F7DB4A /* SpriteKit.framework */,
			);
			name = Frameworks;
			sourceTree = "<group>";
		};
		37FDA8862A0468CF00F7DB4A /* Visualization */ = {
			isa = PBXGroup;
			children = (
				37FDA8892A04694B00F7DB4A /* VisualizerScene.swift */,
				373E6DA12A06E26600922877 /* VisualizerDelegate.swift */,
				373E6DA32A07E45100922877 /* ProgressVisualizer.swift */,
				373E6DA72A08258100922877 /* Day01Visualizer-2022.swift */,
			);
			path = Visualization;
			sourceTree = "<group>";
		};
/* End PBXGroup section */

/* Begin PBXNativeTarget section */
		379F506D29F954A100B16514 /* AoC 2023 */ = {
			isa = PBXNativeTarget;
			buildConfigurationList = 379F509329F954A200B16514 /* Build configuration list for PBXNativeTarget "AoC 2023" */;
			buildPhases = (
				379F506A29F954A100B16514 /* Sources */,
				379F506B29F954A100B16514 /* Frameworks */,
				379F506C29F954A100B16514 /* Resources */,
			);
			buildRules = (
			);
			dependencies = (
			);
			name = "AoC 2023";
			productName = "AoC 2023";
			productReference = 379F506E29F954A100B16514 /* AoC 2023.app */;
			productType = "com.apple.product-type.application";
		};
		379F507E29F954A200B16514 /* AoC 2023Tests */ = {
			isa = PBXNativeTarget;
			buildConfigurationList = 379F509629F954A200B16514 /* Build configuration list for PBXNativeTarget "AoC 2023Tests" */;
			buildPhases = (
				379F507B29F954A200B16514 /* Sources */,
				379F507C29F954A200B16514 /* Frameworks */,
				379F507D29F954A200B16514 /* Resources */,
			);
			buildRules = (
			);
			dependencies = (
				379F508129F954A200B16514 /* PBXTargetDependency */,
			);
			name = "AoC 2023Tests";
			productName = "AoC 2023Tests";
			productReference = 379F507F29F954A200B16514 /* AoC 2023Tests.xctest */;
			productType = "com.apple.product-type.bundle.unit-test";
		};
		379F508829F954A200B16514 /* AoC 2023UITests */ = {
			isa = PBXNativeTarget;
			buildConfigurationList = 379F509929F954A200B16514 /* Build configuration list for PBXNativeTarget "AoC 2023UITests" */;
			buildPhases = (
				379F508529F954A200B16514 /* Sources */,
				379F508629F954A200B16514 /* Frameworks */,
				379F508729F954A200B16514 /* Resources */,
			);
			buildRules = (
			);
			dependencies = (
				379F508B29F954A200B16514 /* PBXTargetDependency */,
			);
			name = "AoC 2023UITests";
			productName = "AoC 2023UITests";
			productReference = 379F508929F954A200B16514 /* AoC 2023UITests.xctest */;
			productType = "com.apple.product-type.bundle.ui-testing";
		};
/* End PBXNativeTarget section */

/* Begin PBXProject section */
		379F506629F954A100B16514 /* Project object */ = {
			isa = PBXProject;
			attributes = {
				BuildIndependentTargetsInParallel = 1;
				LastSwiftUpdateCheck = 1430;
				LastUpgradeCheck = 1430;
				TargetAttributes = {
					379F506D29F954A100B16514 = {
						CreatedOnToolsVersion = 14.3;
					};
					379F507E29F954A200B16514 = {
						CreatedOnToolsVersion = 14.3;
						TestTargetID = 379F506D29F954A100B16514;
					};
					379F508829F954A200B16514 = {
						CreatedOnToolsVersion = 14.3;
						TestTargetID = 379F506D29F954A100B16514;
					};
				};
			};
			buildConfigurationList = 379F506929F954A100B16514 /* Build configuration list for PBXProject "AoC 2023" */;
			compatibilityVersion = "Xcode 14.0";
			developmentRegion = en;
			hasScannedForEncodings = 0;
			knownRegions = (
				en,
				Base,
			);
			mainGroup = 379F506529F954A100B16514;
			productRefGroup = 379F506F29F954A100B16514 /* Products */;
			projectDirPath = "";
			projectRoot = "";
			targets = (
				379F506D29F954A100B16514 /* AoC 2023 */,
				379F507E29F954A200B16514 /* AoC 2023Tests */,
				379F508829F954A200B16514 /* AoC 2023UITests */,
			);
		};
/* End PBXProject section */

/* Begin PBXResourcesBuildPhase section */
		379F506C29F954A100B16514 /* Resources */ = {
			isa = PBXResourcesBuildPhase;
			buildActionMask = 2147483647;
			files = (
				379F507A29F954A200B16514 /* Preview Assets.xcassets in Resources */,
				379F507629F954A200B16514 /* Assets.xcassets in Resources */,
			);
			runOnlyForDeploymentPostprocessing = 0;
		};
		379F507D29F954A200B16514 /* Resources */ = {
			isa = PBXResourcesBuildPhase;
			buildActionMask = 2147483647;
			files = (
			);
			runOnlyForDeploymentPostprocessing = 0;
		};
		379F508729F954A200B16514 /* Resources */ = {
			isa = PBXResourcesBuildPhase;
			buildActionMask = 2147483647;
			files = (
			);
			runOnlyForDeploymentPostprocessing = 0;
		};
/* End PBXResourcesBuildPhase section */

/* Begin PBXSourcesBuildPhase section */
		379F506A29F954A100B16514 /* Sources */ = {
			isa = PBXSourcesBuildPhase;
			buildActionMask = 2147483647;
			files = (
				3727FB5229FB2FA2008CC02B /* SolutionRow.swift in Sources */,
				37DB7E1B29FAC6DA00EAF547 /* AoCSpatial.swift in Sources */,
				3727FB5829FB3048008CC02B /* StopwatchView.swift in Sources */,
				3727FB5629FB300E008CC02B /* RunnerView.swift in Sources */,
				37CB5E0129F99B4F008C051C /* Day00.swift in Sources */,
				37FDA8802A0460EF00F7DB4A /* ResultView.swift in Sources */,
				37FDA8822A0462BF00F7DB4A /* InputContentView.swift in Sources */,
				37CB5E0329FA25D9008C051C /* AoCString.swift in Sources */,
				373E6DA42A07E45100922877 /* ProgressVisualizer.swift in Sources */,
				379F507429F954A100B16514 /* ContentView.swift in Sources */,
				3727FB4E29FB2F3F008CC02B /* SolutionList.swift in Sources */,
				37CB5DFD29F98884008C051C /* AoCUtil.swift in Sources */,
				3727FB5029FB2F82008CC02B /* InputList.swift in Sources */,
				373E6DA82A08258100922877 /* Day01Visualizer-2022.swift in Sources */,
				37FDA88A2A04694B00F7DB4A /* VisualizerScene.swift in Sources */,
				373E6DA62A08176D00922877 /* Day01.swift in Sources */,
				373E6DA22A06E26600922877 /* VisualizerDelegate.swift in Sources */,
				379F507229F954A100B16514 /* AoC_2023App.swift in Sources */,
				3727FB5A29FB3064008CC02B /* StopwatchUnitView.swift in Sources */,
				3727FB5429FB2FD6008CC02B /* InputRow.swift in Sources */,
			);
			runOnlyForDeploymentPostprocessing = 0;
		};
		379F507B29F954A200B16514 /* Sources */ = {
			isa = PBXSourcesBuildPhase;
			buildActionMask = 2147483647;
			files = (
				3756E6E929FAE9EB00C1430B /* AoCSpatialTests.swift in Sources */,
				379F508429F954A200B16514 /* AoC_2023Tests.swift in Sources */,
				37CB5DFF29F99A28008C051C /* AoCUtilTests.swift in Sources */,
				37CB5E0529FA2616008C051C /* AoCStringTests.swift in Sources */,
			);
			runOnlyForDeploymentPostprocessing = 0;
		};
		379F508529F954A200B16514 /* Sources */ = {
			isa = PBXSourcesBuildPhase;
			buildActionMask = 2147483647;
			files = (
				379F509029F954A200B16514 /* AoC_2023UITestsLaunchTests.swift in Sources */,
				379F508E29F954A200B16514 /* AoC_2023UITests.swift in Sources */,
			);
			runOnlyForDeploymentPostprocessing = 0;
		};
/* End PBXSourcesBuildPhase section */

/* Begin PBXTargetDependency section */
		379F508129F954A200B16514 /* PBXTargetDependency */ = {
			isa = PBXTargetDependency;
			target = 379F506D29F954A100B16514 /* AoC 2023 */;
			targetProxy = 379F508029F954A200B16514 /* PBXContainerItemProxy */;
		};
		379F508B29F954A200B16514 /* PBXTargetDependency */ = {
			isa = PBXTargetDependency;
			target = 379F506D29F954A100B16514 /* AoC 2023 */;
			targetProxy = 379F508A29F954A200B16514 /* PBXContainerItemProxy */;
		};
/* End PBXTargetDependency section */

/* Begin XCBuildConfiguration section */
		379F509129F954A200B16514 /* Debug */ = {
			isa = XCBuildConfiguration;
			buildSettings = {
				ALWAYS_SEARCH_USER_PATHS = NO;
				CLANG_ANALYZER_NONNULL = YES;
				CLANG_ANALYZER_NUMBER_OBJECT_CONVERSION = YES_AGGRESSIVE;
				CLANG_CXX_LANGUAGE_STANDARD = "gnu++20";
				CLANG_ENABLE_MODULES = YES;
				CLANG_ENABLE_OBJC_ARC = YES;
				CLANG_ENABLE_OBJC_WEAK = YES;
				CLANG_WARN_BLOCK_CAPTURE_AUTORELEASING = YES;
				CLANG_WARN_BOOL_CONVERSION = YES;
				CLANG_WARN_COMMA = YES;
				CLANG_WARN_CONSTANT_CONVERSION = YES;
				CLANG_WARN_DEPRECATED_OBJC_IMPLEMENTATIONS = YES;
				CLANG_WARN_DIRECT_OBJC_ISA_USAGE = YES_ERROR;
				CLANG_WARN_DOCUMENTATION_COMMENTS = YES;
				CLANG_WARN_EMPTY_BODY = YES;
				CLANG_WARN_ENUM_CONVERSION = YES;
				CLANG_WARN_INFINITE_RECURSION = YES;
				CLANG_WARN_INT_CONVERSION = YES;
				CLANG_WARN_NON_LITERAL_NULL_CONVERSION = YES;
				CLANG_WARN_OBJC_IMPLICIT_RETAIN_SELF = YES;
				CLANG_WARN_OBJC_LITERAL_CONVERSION = YES;
				CLANG_WARN_OBJC_ROOT_CLASS = YES_ERROR;
				CLANG_WARN_QUOTED_INCLUDE_IN_FRAMEWORK_HEADER = YES;
				CLANG_WARN_RANGE_LOOP_ANALYSIS = YES;
				CLANG_WARN_STRICT_PROTOTYPES = YES;
				CLANG_WARN_SUSPICIOUS_MOVE = YES;
				CLANG_WARN_UNGUARDED_AVAILABILITY = YES_AGGRESSIVE;
				CLANG_WARN_UNREACHABLE_CODE = YES;
				CLANG_WARN__DUPLICATE_METHOD_MATCH = YES;
				COPY_PHASE_STRIP = NO;
				DEBUG_INFORMATION_FORMAT = dwarf;
				ENABLE_STRICT_OBJC_MSGSEND = YES;
				ENABLE_TESTABILITY = YES;
				GCC_C_LANGUAGE_STANDARD = gnu11;
				GCC_DYNAMIC_NO_PIC = NO;
				GCC_NO_COMMON_BLOCKS = YES;
				GCC_OPTIMIZATION_LEVEL = 0;
				GCC_PREPROCESSOR_DEFINITIONS = (
					"DEBUG=1",
					"$(inherited)",
				);
				GCC_WARN_64_TO_32_BIT_CONVERSION = YES;
				GCC_WARN_ABOUT_RETURN_TYPE = YES_ERROR;
				GCC_WARN_UNDECLARED_SELECTOR = YES;
				GCC_WARN_UNINITIALIZED_AUTOS = YES_AGGRESSIVE;
				GCC_WARN_UNUSED_FUNCTION = YES;
				GCC_WARN_UNUSED_VARIABLE = YES;
				MTL_ENABLE_DEBUG_INFO = INCLUDE_SOURCE;
				MTL_FAST_MATH = YES;
				ONLY_ACTIVE_ARCH = YES;
				SWIFT_ACTIVE_COMPILATION_CONDITIONS = DEBUG;
				SWIFT_OPTIMIZATION_LEVEL = "-Onone";
			};
			name = Debug;
		};
		379F509229F954A200B16514 /* Release */ = {
			isa = XCBuildConfiguration;
			buildSettings = {
				ALWAYS_SEARCH_USER_PATHS = NO;
				CLANG_ANALYZER_NONNULL = YES;
				CLANG_ANALYZER_NUMBER_OBJECT_CONVERSION = YES_AGGRESSIVE;
				CLANG_CXX_LANGUAGE_STANDARD = "gnu++20";
				CLANG_ENABLE_MODULES = YES;
				CLANG_ENABLE_OBJC_ARC = YES;
				CLANG_ENABLE_OBJC_WEAK = YES;
				CLANG_WARN_BLOCK_CAPTURE_AUTORELEASING = YES;
				CLANG_WARN_BOOL_CONVERSION = YES;
				CLANG_WARN_COMMA = YES;
				CLANG_WARN_CONSTANT_CONVERSION = YES;
				CLANG_WARN_DEPRECATED_OBJC_IMPLEMENTATIONS = YES;
				CLANG_WARN_DIRECT_OBJC_ISA_USAGE = YES_ERROR;
				CLANG_WARN_DOCUMENTATION_COMMENTS = YES;
				CLANG_WARN_EMPTY_BODY = YES;
				CLANG_WARN_ENUM_CONVERSION = YES;
				CLANG_WARN_INFINITE_RECURSION = YES;
				CLANG_WARN_INT_CONVERSION = YES;
				CLANG_WARN_NON_LITERAL_NULL_CONVERSION = YES;
				CLANG_WARN_OBJC_IMPLICIT_RETAIN_SELF = YES;
				CLANG_WARN_OBJC_LITERAL_CONVERSION = YES;
				CLANG_WARN_OBJC_ROOT_CLASS = YES_ERROR;
				CLANG_WARN_QUOTED_INCLUDE_IN_FRAMEWORK_HEADER = YES;
				CLANG_WARN_RANGE_LOOP_ANALYSIS = YES;
				CLANG_WARN_STRICT_PROTOTYPES = YES;
				CLANG_WARN_SUSPICIOUS_MOVE = YES;
				CLANG_WARN_UNGUARDED_AVAILABILITY = YES_AGGRESSIVE;
				CLANG_WARN_UNREACHABLE_CODE = YES;
				CLANG_WARN__DUPLICATE_METHOD_MATCH = YES;
				COPY_PHASE_STRIP = NO;
				DEBUG_INFORMATION_FORMAT = "dwarf-with-dsym";
				ENABLE_NS_ASSERTIONS = NO;
				ENABLE_STRICT_OBJC_MSGSEND = YES;
				GCC_C_LANGUAGE_STANDARD = gnu11;
				GCC_NO_COMMON_BLOCKS = YES;
				GCC_WARN_64_TO_32_BIT_CONVERSION = YES;
				GCC_WARN_ABOUT_RETURN_TYPE = YES_ERROR;
				GCC_WARN_UNDECLARED_SELECTOR = YES;
				GCC_WARN_UNINITIALIZED_AUTOS = YES_AGGRESSIVE;
				GCC_WARN_UNUSED_FUNCTION = YES;
				GCC_WARN_UNUSED_VARIABLE = YES;
				MTL_ENABLE_DEBUG_INFO = NO;
				MTL_FAST_MATH = YES;
				SWIFT_COMPILATION_MODE = wholemodule;
				SWIFT_OPTIMIZATION_LEVEL = "-O";
			};
			name = Release;
		};
		379F509429F954A200B16514 /* Debug */ = {
			isa = XCBuildConfiguration;
			buildSettings = {
				ASSETCATALOG_COMPILER_APPICON_NAME = AppIcon;
				ASSETCATALOG_COMPILER_GLOBAL_ACCENT_COLOR_NAME = AccentColor;
				CODE_SIGN_ENTITLEMENTS = "AoC 2023/AoC_2023.entitlements";
				CODE_SIGN_STYLE = Automatic;
				CURRENT_PROJECT_VERSION = 1;
				DEVELOPMENT_ASSET_PATHS = "\"AoC 2023/Preview Content\"";
				DEVELOPMENT_TEAM = TQU5FGEV2A;
				ENABLE_HARDENED_RUNTIME = YES;
				ENABLE_PREVIEWS = YES;
				GENERATE_INFOPLIST_FILE = YES;
				"INFOPLIST_KEY_UIApplicationSceneManifest_Generation[sdk=iphoneos*]" = YES;
				"INFOPLIST_KEY_UIApplicationSceneManifest_Generation[sdk=iphonesimulator*]" = YES;
				"INFOPLIST_KEY_UIApplicationSupportsIndirectInputEvents[sdk=iphoneos*]" = YES;
				"INFOPLIST_KEY_UIApplicationSupportsIndirectInputEvents[sdk=iphonesimulator*]" = YES;
				"INFOPLIST_KEY_UILaunchScreen_Generation[sdk=iphoneos*]" = YES;
				"INFOPLIST_KEY_UILaunchScreen_Generation[sdk=iphonesimulator*]" = YES;
				"INFOPLIST_KEY_UIStatusBarStyle[sdk=iphoneos*]" = UIStatusBarStyleDefault;
				"INFOPLIST_KEY_UIStatusBarStyle[sdk=iphonesimulator*]" = UIStatusBarStyleDefault;
				INFOPLIST_KEY_UISupportedInterfaceOrientations_iPad = "UIInterfaceOrientationPortrait UIInterfaceOrientationPortraitUpsideDown UIInterfaceOrientationLandscapeLeft UIInterfaceOrientationLandscapeRight";
				INFOPLIST_KEY_UISupportedInterfaceOrientations_iPhone = "UIInterfaceOrientationPortrait UIInterfaceOrientationLandscapeLeft UIInterfaceOrientationLandscapeRight";
				IPHONEOS_DEPLOYMENT_TARGET = 16.4;
				LD_RUNPATH_SEARCH_PATHS = "@executable_path/Frameworks";
				"LD_RUNPATH_SEARCH_PATHS[sdk=macosx*]" = "@executable_path/../Frameworks";
				MACOSX_DEPLOYMENT_TARGET = 13.3;
				MARKETING_VERSION = 1.0;
				PRODUCT_BUNDLE_IDENTIFIER = "ca.biickert.ii.AoC-2023";
				PRODUCT_NAME = "$(TARGET_NAME)";
				SDKROOT = auto;
				SUPPORTED_PLATFORMS = "iphoneos iphonesimulator";
				SUPPORTS_MACCATALYST = YES;
				SUPPORTS_MAC_DESIGNED_FOR_IPHONE_IPAD = NO;
				SWIFT_EMIT_LOC_STRINGS = YES;
				SWIFT_VERSION = 5.0;
				TARGETED_DEVICE_FAMILY = "1,2,6";
			};
			name = Debug;
		};
		379F509529F954A200B16514 /* Release */ = {
			isa = XCBuildConfiguration;
			buildSettings = {
				ASSETCATALOG_COMPILER_APPICON_NAME = AppIcon;
				ASSETCATALOG_COMPILER_GLOBAL_ACCENT_COLOR_NAME = AccentColor;
				CODE_SIGN_ENTITLEMENTS = "AoC 2023/AoC_2023.entitlements";
				CODE_SIGN_STYLE = Automatic;
				CURRENT_PROJECT_VERSION = 1;
				DEVELOPMENT_ASSET_PATHS = "\"AoC 2023/Preview Content\"";
				DEVELOPMENT_TEAM = TQU5FGEV2A;
				ENABLE_HARDENED_RUNTIME = YES;
				ENABLE_PREVIEWS = YES;
				GENERATE_INFOPLIST_FILE = YES;
				"INFOPLIST_KEY_UIApplicationSceneManifest_Generation[sdk=iphoneos*]" = YES;
				"INFOPLIST_KEY_UIApplicationSceneManifest_Generation[sdk=iphonesimulator*]" = YES;
				"INFOPLIST_KEY_UIApplicationSupportsIndirectInputEvents[sdk=iphoneos*]" = YES;
				"INFOPLIST_KEY_UIApplicationSupportsIndirectInputEvents[sdk=iphonesimulator*]" = YES;
				"INFOPLIST_KEY_UILaunchScreen_Generation[sdk=iphoneos*]" = YES;
				"INFOPLIST_KEY_UILaunchScreen_Generation[sdk=iphonesimulator*]" = YES;
				"INFOPLIST_KEY_UIStatusBarStyle[sdk=iphoneos*]" = UIStatusBarStyleDefault;
				"INFOPLIST_KEY_UIStatusBarStyle[sdk=iphonesimulator*]" = UIStatusBarStyleDefault;
				INFOPLIST_KEY_UISupportedInterfaceOrientations_iPad = "UIInterfaceOrientationPortrait UIInterfaceOrientationPortraitUpsideDown UIInterfaceOrientationLandscapeLeft UIInterfaceOrientationLandscapeRight";
				INFOPLIST_KEY_UISupportedInterfaceOrientations_iPhone = "UIInterfaceOrientationPortrait UIInterfaceOrientationLandscapeLeft UIInterfaceOrientationLandscapeRight";
				IPHONEOS_DEPLOYMENT_TARGET = 16.4;
				LD_RUNPATH_SEARCH_PATHS = "@executable_path/Frameworks";
				"LD_RUNPATH_SEARCH_PATHS[sdk=macosx*]" = "@executable_path/../Frameworks";
				MACOSX_DEPLOYMENT_TARGET = 13.3;
				MARKETING_VERSION = 1.0;
				PRODUCT_BUNDLE_IDENTIFIER = "ca.biickert.ii.AoC-2023";
				PRODUCT_NAME = "$(TARGET_NAME)";
				SDKROOT = auto;
				SUPPORTED_PLATFORMS = "iphoneos iphonesimulator";
				SUPPORTS_MACCATALYST = YES;
				SUPPORTS_MAC_DESIGNED_FOR_IPHONE_IPAD = NO;
				SWIFT_EMIT_LOC_STRINGS = YES;
				SWIFT_VERSION = 5.0;
				TARGETED_DEVICE_FAMILY = "1,2,6";
			};
			name = Release;
		};
		379F509729F954A200B16514 /* Debug */ = {
			isa = XCBuildConfiguration;
			buildSettings = {
				ALWAYS_EMBED_SWIFT_STANDARD_LIBRARIES = YES;
				BUNDLE_LOADER = "$(TEST_HOST)";
				CODE_SIGN_STYLE = Automatic;
				CURRENT_PROJECT_VERSION = 1;
				DEVELOPMENT_TEAM = TQU5FGEV2A;
				GENERATE_INFOPLIST_FILE = YES;
				IPHONEOS_DEPLOYMENT_TARGET = 16.4;
				MACOSX_DEPLOYMENT_TARGET = 13.3;
				MARKETING_VERSION = 1.0;
				PRODUCT_BUNDLE_IDENTIFIER = "ca.biickert.ii.AoC-2023Tests";
				PRODUCT_NAME = "$(TARGET_NAME)";
				SDKROOT = auto;
				SUPPORTED_PLATFORMS = "iphoneos iphonesimulator macosx";
				SWIFT_EMIT_LOC_STRINGS = NO;
				SWIFT_VERSION = 5.0;
				TARGETED_DEVICE_FAMILY = "1,2";
				TEST_HOST = "$(BUILT_PRODUCTS_DIR)/AoC 2023.app/$(BUNDLE_EXECUTABLE_FOLDER_PATH)/AoC 2023";
			};
			name = Debug;
		};
		379F509829F954A200B16514 /* Release */ = {
			isa = XCBuildConfiguration;
			buildSettings = {
				ALWAYS_EMBED_SWIFT_STANDARD_LIBRARIES = YES;
				BUNDLE_LOADER = "$(TEST_HOST)";
				CODE_SIGN_STYLE = Automatic;
				CURRENT_PROJECT_VERSION = 1;
				DEVELOPMENT_TEAM = TQU5FGEV2A;
				GENERATE_INFOPLIST_FILE = YES;
				IPHONEOS_DEPLOYMENT_TARGET = 16.4;
				MACOSX_DEPLOYMENT_TARGET = 13.3;
				MARKETING_VERSION = 1.0;
				PRODUCT_BUNDLE_IDENTIFIER = "ca.biickert.ii.AoC-2023Tests";
				PRODUCT_NAME = "$(TARGET_NAME)";
				SDKROOT = auto;
				SUPPORTED_PLATFORMS = "iphoneos iphonesimulator macosx";
				SWIFT_EMIT_LOC_STRINGS = NO;
				SWIFT_VERSION = 5.0;
				TARGETED_DEVICE_FAMILY = "1,2";
				TEST_HOST = "$(BUILT_PRODUCTS_DIR)/AoC 2023.app/$(BUNDLE_EXECUTABLE_FOLDER_PATH)/AoC 2023";
			};
			name = Release;
		};
		379F509A29F954A200B16514 /* Debug */ = {
			isa = XCBuildConfiguration;
			buildSettings = {
				ALWAYS_EMBED_SWIFT_STANDARD_LIBRARIES = YES;
				CODE_SIGN_STYLE = Automatic;
				CURRENT_PROJECT_VERSION = 1;
				DEVELOPMENT_TEAM = TQU5FGEV2A;
				GENERATE_INFOPLIST_FILE = YES;
				IPHONEOS_DEPLOYMENT_TARGET = 16.4;
				MACOSX_DEPLOYMENT_TARGET = 13.3;
				MARKETING_VERSION = 1.0;
				PRODUCT_BUNDLE_IDENTIFIER = "ca.biickert.ii.AoC-2023UITests";
				PRODUCT_NAME = "$(TARGET_NAME)";
				SDKROOT = auto;
				SUPPORTED_PLATFORMS = "iphoneos iphonesimulator macosx";
				SWIFT_EMIT_LOC_STRINGS = NO;
				SWIFT_VERSION = 5.0;
				TARGETED_DEVICE_FAMILY = "1,2";
				TEST_TARGET_NAME = "AoC 2023";
			};
			name = Debug;
		};
		379F509B29F954A200B16514 /* Release */ = {
			isa = XCBuildConfiguration;
			buildSettings = {
				ALWAYS_EMBED_SWIFT_STANDARD_LIBRARIES = YES;
				CODE_SIGN_STYLE = Automatic;
				CURRENT_PROJECT_VERSION = 1;
				DEVELOPMENT_TEAM = TQU5FGEV2A;
				GENERATE_INFOPLIST_FILE = YES;
				IPHONEOS_DEPLOYMENT_TARGET = 16.4;
				MACOSX_DEPLOYMENT_TARGET = 13.3;
				MARKETING_VERSION = 1.0;
				PRODUCT_BUNDLE_IDENTIFIER = "ca.biickert.ii.AoC-2023UITests";
				PRODUCT_NAME = "$(TARGET_NAME)";
				SDKROOT = auto;
				SUPPORTED_PLATFORMS = "iphoneos iphonesimulator macosx";
				SWIFT_EMIT_LOC_STRINGS = NO;
				SWIFT_VERSION = 5.0;
				TARGETED_DEVICE_FAMILY = "1,2";
				TEST_TARGET_NAME = "AoC 2023";
			};
			name = Release;
		};
/* End XCBuildConfiguration section */

/* Begin XCConfigurationList section */
		379F506929F954A100B16514 /* Build configuration list for PBXProject "AoC 2023" */ = {
			isa = XCConfigurationList;
			buildConfigurations = (
				379F509129F954A200B16514 /* Debug */,
				379F509229F954A200B16514 /* Release */,
			);
			defaultConfigurationIsVisible = 0;
			defaultConfigurationName = Release;
		};
		379F509329F954A200B16514 /* Build configuration list for PBXNativeTarget "AoC 2023" */ = {
			isa = XCConfigurationList;
			buildConfigurations = (
				379F509429F954A200B16514 /* Debug */,
				379F509529F954A200B16514 /* Release */,
			);
			defaultConfigurationIsVisible = 0;
			defaultConfigurationName = Release;
		};
		379F509629F954A200B16514 /* Build configuration list for PBXNativeTarget "AoC 2023Tests" */ = {
			isa = XCConfigurationList;
			buildConfigurations = (
				379F509729F954A200B16514 /* Debug */,
				379F509829F954A200B16514 /* Release */,
			);
			defaultConfigurationIsVisible = 0;
			defaultConfigurationName = Release;
		};
		379F509929F954A200B16514 /* Build configuration list for PBXNativeTarget "AoC 2023UITests" */ = {
			isa = XCConfigurationList;
			buildConfigurations = (
				379F509A29F954A200B16514 /* Debug */,
				379F509B29F954A200B16514 /* Release */,
			);
			defaultConfigurationIsVisible = 0;
			defaultConfigurationName = Release;
		};
/* End XCConfigurationList section */
	};
	rootObject = 379F506629F954A100B16514 /* Project object */;
}
