// !$*UTF8*$!
{
	archiveVersion = 1;
	classes = {
	};
	objectVersion = 56;
	objects = {

/* Begin PBXBuildFile section */
		37060D242B263DDA00A788F5 /* Day10.swift in Sources */ = {isa = PBXBuildFile; fileRef = 37060D232B263DDA00A788F5 /* Day10.swift */; };
		37060D252B263DDA00A788F5 /* Day10.swift in Sources */ = {isa = PBXBuildFile; fileRef = 37060D232B263DDA00A788F5 /* Day10.swift */; };
		375584552B235243005A9544 /* Day08.swift in Sources */ = {isa = PBXBuildFile; fileRef = 375584542B235243005A9544 /* Day08.swift */; };
		375584562B235243005A9544 /* Day08.swift in Sources */ = {isa = PBXBuildFile; fileRef = 375584542B235243005A9544 /* Day08.swift */; };
		3758DA8D2B2B6E2F00B31637 /* Day14.swift in Sources */ = {isa = PBXBuildFile; fileRef = 3758DA8C2B2B6E2F00B31637 /* Day14.swift */; };
		3758DA8E2B2B6E2F00B31637 /* Day14.swift in Sources */ = {isa = PBXBuildFile; fileRef = 3758DA8C2B2B6E2F00B31637 /* Day14.swift */; };
		3781146D2B20C10400F63025 /* Day05.swift in Sources */ = {isa = PBXBuildFile; fileRef = 3781146C2B20C10400F63025 /* Day05.swift */; };
		3781146E2B20C1F200F63025 /* Day05.swift in Sources */ = {isa = PBXBuildFile; fileRef = 3781146C2B20C10400F63025 /* Day05.swift */; };
		3785D65E2B28B8F400FBC3A8 /* Day12.swift in Sources */ = {isa = PBXBuildFile; fileRef = 3785D65D2B28B8F400FBC3A8 /* Day12.swift */; };
		3785D65F2B28B8F400FBC3A8 /* Day12.swift in Sources */ = {isa = PBXBuildFile; fileRef = 3785D65D2B28B8F400FBC3A8 /* Day12.swift */; };
		378CBBC22B15550E009C230A /* main.swift in Sources */ = {isa = PBXBuildFile; fileRef = 378CBBC12B15550E009C230A /* main.swift */; };
		378CBBD82B1555AD009C230A /* AoCString.swift in Sources */ = {isa = PBXBuildFile; fileRef = 378CBBD52B1555AD009C230A /* AoCString.swift */; };
		378CBBD92B1555AD009C230A /* AoCSpatial.swift in Sources */ = {isa = PBXBuildFile; fileRef = 378CBBD62B1555AD009C230A /* AoCSpatial.swift */; };
		378CBBDA2B1555AD009C230A /* AoCUtil.swift in Sources */ = {isa = PBXBuildFile; fileRef = 378CBBD72B1555AD009C230A /* AoCUtil.swift */; };
		378CBBDE2B1555BE009C230A /* AoCSpatialTests.swift in Sources */ = {isa = PBXBuildFile; fileRef = 378CBBDB2B1555BE009C230A /* AoCSpatialTests.swift */; };
		378CBBDF2B1555BE009C230A /* AoCStringTests.swift in Sources */ = {isa = PBXBuildFile; fileRef = 378CBBDC2B1555BE009C230A /* AoCStringTests.swift */; };
		378CBBE02B1555BE009C230A /* AoCUtilTests.swift in Sources */ = {isa = PBXBuildFile; fileRef = 378CBBDD2B1555BE009C230A /* AoCUtilTests.swift */; };
		378CBBE12B1555DF009C230A /* AoCSpatial.swift in Sources */ = {isa = PBXBuildFile; fileRef = 378CBBD62B1555AD009C230A /* AoCSpatial.swift */; };
		378CBBE22B1555E1009C230A /* AoCString.swift in Sources */ = {isa = PBXBuildFile; fileRef = 378CBBD52B1555AD009C230A /* AoCString.swift */; };
		378CBBE32B1555E3009C230A /* AoCUtil.swift in Sources */ = {isa = PBXBuildFile; fileRef = 378CBBD72B1555AD009C230A /* AoCUtil.swift */; };
		378CBBE82B15561E009C230A /* Day00.swift in Sources */ = {isa = PBXBuildFile; fileRef = 378CBBE62B15561E009C230A /* Day00.swift */; };
		378CBBE92B1557E6009C230A /* Day00.swift in Sources */ = {isa = PBXBuildFile; fileRef = 378CBBE62B15561E009C230A /* Day00.swift */; };
		378CBBEB2B155ADE009C230A /* AoCSolution.swift in Sources */ = {isa = PBXBuildFile; fileRef = 378CBBEA2B155ADE009C230A /* AoCSolution.swift */; };
		378CBBEC2B155ADE009C230A /* AoCSolution.swift in Sources */ = {isa = PBXBuildFile; fileRef = 378CBBEA2B155ADE009C230A /* AoCSolution.swift */; };
		378CBBEE2B155AF7009C230A /* AoCInput.swift in Sources */ = {isa = PBXBuildFile; fileRef = 378CBBED2B155AF7009C230A /* AoCInput.swift */; };
		378CBBEF2B155AF7009C230A /* AoCInput.swift in Sources */ = {isa = PBXBuildFile; fileRef = 378CBBED2B155AF7009C230A /* AoCInput.swift */; };
		378CBBF12B155BFC009C230A /* AoCInputTests.swift in Sources */ = {isa = PBXBuildFile; fileRef = 378CBBF02B155BFC009C230A /* AoCInputTests.swift */; };
		378CBBF32B155C46009C230A /* AoCSolutionTests.swift in Sources */ = {isa = PBXBuildFile; fileRef = 378CBBF22B155C46009C230A /* AoCSolutionTests.swift */; };
		378CBBF52B155D42009C230A /* AoCGrid2D.swift in Sources */ = {isa = PBXBuildFile; fileRef = 378CBBF42B155D42009C230A /* AoCGrid2D.swift */; };
		378CBBF62B155D42009C230A /* AoCGrid2D.swift in Sources */ = {isa = PBXBuildFile; fileRef = 378CBBF42B155D42009C230A /* AoCGrid2D.swift */; };
		378CBBF82B155D81009C230A /* AoCGridTests.swift in Sources */ = {isa = PBXBuildFile; fileRef = 378CBBF72B155D81009C230A /* AoCGridTests.swift */; };
		379C0AE32B2A47AF00AB4F5F /* Day13.swift in Sources */ = {isa = PBXBuildFile; fileRef = 379C0AE22B2A47AF00AB4F5F /* Day13.swift */; };
		379C0AE42B2A47AF00AB4F5F /* Day13.swift in Sources */ = {isa = PBXBuildFile; fileRef = 379C0AE22B2A47AF00AB4F5F /* Day13.swift */; };
		37A06EFD2B2DF90100361F4C /* Day16.swift in Sources */ = {isa = PBXBuildFile; fileRef = 37A06EFC2B2DF90100361F4C /* Day16.swift */; };
		37A06EFE2B2DF90100361F4C /* Day16.swift in Sources */ = {isa = PBXBuildFile; fileRef = 37A06EFC2B2DF90100361F4C /* Day16.swift */; };
		37ECEFE22B2F93820008B90A /* Day17.swift in Sources */ = {isa = PBXBuildFile; fileRef = 37ECEFE12B2F93820008B90A /* Day17.swift */; };
		37ECEFE32B2F93820008B90A /* Day17.swift in Sources */ = {isa = PBXBuildFile; fileRef = 37ECEFE12B2F93820008B90A /* Day17.swift */; };
/* End PBXBuildFile section */

/* Begin PBXCopyFilesBuildPhase section */
		378CBBBC2B15550E009C230A /* CopyFiles */ = {
			isa = PBXCopyFilesBuildPhase;
			buildActionMask = 2147483647;
			dstPath = /usr/share/man/man1/;
			dstSubfolderSpec = 0;
			files = (
			);
			runOnlyForDeploymentPostprocessing = 1;
		};
/* End PBXCopyFilesBuildPhase section */

/* Begin PBXFileReference section */
		37060D232B263DDA00A788F5 /* Day10.swift */ = {isa = PBXFileReference; fileEncoding = 4; lastKnownFileType = sourcecode.swift; path = Day10.swift; sourceTree = "<group>"; };
		375584542B235243005A9544 /* Day08.swift */ = {isa = PBXFileReference; fileEncoding = 4; lastKnownFileType = sourcecode.swift; path = Day08.swift; sourceTree = "<group>"; };
		3758DA8C2B2B6E2F00B31637 /* Day14.swift */ = {isa = PBXFileReference; fileEncoding = 4; lastKnownFileType = sourcecode.swift; path = Day14.swift; sourceTree = "<group>"; };
		3781146C2B20C10400F63025 /* Day05.swift */ = {isa = PBXFileReference; fileEncoding = 4; lastKnownFileType = sourcecode.swift; path = Day05.swift; sourceTree = "<group>"; };
		3785D65D2B28B8F400FBC3A8 /* Day12.swift */ = {isa = PBXFileReference; fileEncoding = 4; lastKnownFileType = sourcecode.swift; path = Day12.swift; sourceTree = "<group>"; };
		378CBBBE2B15550E009C230A /* AoC 2023 */ = {isa = PBXFileReference; explicitFileType = "compiled.mach-o.executable"; includeInIndex = 0; path = "AoC 2023"; sourceTree = BUILT_PRODUCTS_DIR; };
		378CBBC12B15550E009C230A /* main.swift */ = {isa = PBXFileReference; lastKnownFileType = sourcecode.swift; path = main.swift; sourceTree = "<group>"; };
		378CBBC82B15551B009C230A /* AoC 2023.entitlements */ = {isa = PBXFileReference; lastKnownFileType = text.plist.entitlements; path = "AoC 2023.entitlements"; sourceTree = "<group>"; };
		378CBBCD2B155550009C230A /* AoC2023Tests.xctest */ = {isa = PBXFileReference; explicitFileType = wrapper.cfbundle; includeInIndex = 0; path = AoC2023Tests.xctest; sourceTree = BUILT_PRODUCTS_DIR; };
		378CBBD52B1555AD009C230A /* AoCString.swift */ = {isa = PBXFileReference; fileEncoding = 4; lastKnownFileType = sourcecode.swift; path = AoCString.swift; sourceTree = "<group>"; };
		378CBBD62B1555AD009C230A /* AoCSpatial.swift */ = {isa = PBXFileReference; fileEncoding = 4; lastKnownFileType = sourcecode.swift; path = AoCSpatial.swift; sourceTree = "<group>"; };
		378CBBD72B1555AD009C230A /* AoCUtil.swift */ = {isa = PBXFileReference; fileEncoding = 4; lastKnownFileType = sourcecode.swift; path = AoCUtil.swift; sourceTree = "<group>"; };
		378CBBDB2B1555BE009C230A /* AoCSpatialTests.swift */ = {isa = PBXFileReference; fileEncoding = 4; lastKnownFileType = sourcecode.swift; path = AoCSpatialTests.swift; sourceTree = "<group>"; };
		378CBBDC2B1555BE009C230A /* AoCStringTests.swift */ = {isa = PBXFileReference; fileEncoding = 4; lastKnownFileType = sourcecode.swift; path = AoCStringTests.swift; sourceTree = "<group>"; };
		378CBBDD2B1555BE009C230A /* AoCUtilTests.swift */ = {isa = PBXFileReference; fileEncoding = 4; lastKnownFileType = sourcecode.swift; path = AoCUtilTests.swift; sourceTree = "<group>"; };
		378CBBE62B15561E009C230A /* Day00.swift */ = {isa = PBXFileReference; fileEncoding = 4; lastKnownFileType = sourcecode.swift; path = Day00.swift; sourceTree = "<group>"; };
		378CBBEA2B155ADE009C230A /* AoCSolution.swift */ = {isa = PBXFileReference; lastKnownFileType = sourcecode.swift; path = AoCSolution.swift; sourceTree = "<group>"; };
		378CBBED2B155AF7009C230A /* AoCInput.swift */ = {isa = PBXFileReference; lastKnownFileType = sourcecode.swift; path = AoCInput.swift; sourceTree = "<group>"; };
		378CBBF02B155BFC009C230A /* AoCInputTests.swift */ = {isa = PBXFileReference; lastKnownFileType = sourcecode.swift; path = AoCInputTests.swift; sourceTree = "<group>"; };
		378CBBF22B155C46009C230A /* AoCSolutionTests.swift */ = {isa = PBXFileReference; lastKnownFileType = sourcecode.swift; path = AoCSolutionTests.swift; sourceTree = "<group>"; };
		378CBBF42B155D42009C230A /* AoCGrid2D.swift */ = {isa = PBXFileReference; lastKnownFileType = sourcecode.swift; path = AoCGrid2D.swift; sourceTree = "<group>"; };
		378CBBF72B155D81009C230A /* AoCGridTests.swift */ = {isa = PBXFileReference; lastKnownFileType = sourcecode.swift; path = AoCGridTests.swift; sourceTree = "<group>"; };
		379C0AE22B2A47AF00AB4F5F /* Day13.swift */ = {isa = PBXFileReference; fileEncoding = 4; lastKnownFileType = sourcecode.swift; path = Day13.swift; sourceTree = "<group>"; };
		37A06EFC2B2DF90100361F4C /* Day16.swift */ = {isa = PBXFileReference; fileEncoding = 4; lastKnownFileType = sourcecode.swift; path = Day16.swift; sourceTree = "<group>"; };
		37ECEFE12B2F93820008B90A /* Day17.swift */ = {isa = PBXFileReference; fileEncoding = 4; lastKnownFileType = sourcecode.swift; path = Day17.swift; sourceTree = "<group>"; };
/* End PBXFileReference section */

/* Begin PBXFrameworksBuildPhase section */
		378CBBBB2B15550E009C230A /* Frameworks */ = {
			isa = PBXFrameworksBuildPhase;
			buildActionMask = 2147483647;
			files = (
			);
			runOnlyForDeploymentPostprocessing = 0;
		};
		378CBBCA2B155550009C230A /* Frameworks */ = {
			isa = PBXFrameworksBuildPhase;
			buildActionMask = 2147483647;
			files = (
			);
			runOnlyForDeploymentPostprocessing = 0;
		};
/* End PBXFrameworksBuildPhase section */

/* Begin PBXGroup section */
		378CBBB52B15550E009C230A = {
			isa = PBXGroup;
			children = (
				378CBBC02B15550E009C230A /* AoC 2023 */,
				378CBBCE2B155550009C230A /* AoC2023Tests */,
				378CBBBF2B15550E009C230A /* Products */,
			);
			sourceTree = "<group>";
		};
		378CBBBF2B15550E009C230A /* Products */ = {
			isa = PBXGroup;
			children = (
				378CBBBE2B15550E009C230A /* AoC 2023 */,
				378CBBCD2B155550009C230A /* AoC2023Tests.xctest */,
			);
			name = Products;
			sourceTree = "<group>";
		};
		378CBBC02B15550E009C230A /* AoC 2023 */ = {
			isa = PBXGroup;
			children = (
				378CBBE42B155609009C230A /* Solutions */,
				378CBBD42B155597009C230A /* Libraries */,
				378CBBC82B15551B009C230A /* AoC 2023.entitlements */,
				378CBBC12B15550E009C230A /* main.swift */,
			);
			path = "AoC 2023";
			sourceTree = "<group>";
		};
		378CBBCE2B155550009C230A /* AoC2023Tests */ = {
			isa = PBXGroup;
			children = (
				378CBBDB2B1555BE009C230A /* AoCSpatialTests.swift */,
				378CBBF72B155D81009C230A /* AoCGridTests.swift */,
				378CBBDC2B1555BE009C230A /* AoCStringTests.swift */,
				378CBBDD2B1555BE009C230A /* AoCUtilTests.swift */,
				378CBBF22B155C46009C230A /* AoCSolutionTests.swift */,
				378CBBF02B155BFC009C230A /* AoCInputTests.swift */,
			);
			path = AoC2023Tests;
			sourceTree = "<group>";
		};
		378CBBD42B155597009C230A /* Libraries */ = {
			isa = PBXGroup;
			children = (
				378CBBD62B1555AD009C230A /* AoCSpatial.swift */,
				378CBBF42B155D42009C230A /* AoCGrid2D.swift */,
				378CBBD52B1555AD009C230A /* AoCString.swift */,
				378CBBD72B1555AD009C230A /* AoCUtil.swift */,
				378CBBEA2B155ADE009C230A /* AoCSolution.swift */,
				378CBBED2B155AF7009C230A /* AoCInput.swift */,
			);
			path = Libraries;
			sourceTree = "<group>";
		};
		378CBBE42B155609009C230A /* Solutions */ = {
			isa = PBXGroup;
			children = (
				37ECEFE12B2F93820008B90A /* Day17.swift */,
				37A06EFC2B2DF90100361F4C /* Day16.swift */,
				3758DA8C2B2B6E2F00B31637 /* Day14.swift */,
				379C0AE22B2A47AF00AB4F5F /* Day13.swift */,
				3785D65D2B28B8F400FBC3A8 /* Day12.swift */,
				37060D232B263DDA00A788F5 /* Day10.swift */,
				375584542B235243005A9544 /* Day08.swift */,
				3781146C2B20C10400F63025 /* Day05.swift */,
				378CBBE62B15561E009C230A /* Day00.swift */,
			);
			path = Solutions;
			sourceTree = "<group>";
		};
/* End PBXGroup section */

/* Begin PBXNativeTarget section */
		378CBBBD2B15550E009C230A /* AoC 2023 */ = {
			isa = PBXNativeTarget;
			buildConfigurationList = 378CBBC52B15550E009C230A /* Build configuration list for PBXNativeTarget "AoC 2023" */;
			buildPhases = (
				378CBBBA2B15550E009C230A /* Sources */,
				378CBBBB2B15550E009C230A /* Frameworks */,
				378CBBBC2B15550E009C230A /* CopyFiles */,
			);
			buildRules = (
			);
			dependencies = (
			);
			name = "AoC 2023";
			productName = "AoC 2023";
			productReference = 378CBBBE2B15550E009C230A /* AoC 2023 */;
			productType = "com.apple.product-type.tool";
		};
		378CBBCC2B155550009C230A /* AoC2023Tests */ = {
			isa = PBXNativeTarget;
			buildConfigurationList = 378CBBD12B155550009C230A /* Build configuration list for PBXNativeTarget "AoC2023Tests" */;
			buildPhases = (
				378CBBC92B155550009C230A /* Sources */,
				378CBBCA2B155550009C230A /* Frameworks */,
				378CBBCB2B155550009C230A /* Resources */,
			);
			buildRules = (
			);
			dependencies = (
			);
			name = AoC2023Tests;
			productName = AoC2023Tests;
			productReference = 378CBBCD2B155550009C230A /* AoC2023Tests.xctest */;
			productType = "com.apple.product-type.bundle.unit-test";
		};
/* End PBXNativeTarget section */

/* Begin PBXProject section */
		378CBBB62B15550E009C230A /* Project object */ = {
			isa = PBXProject;
			attributes = {
				BuildIndependentTargetsInParallel = 1;
				LastSwiftUpdateCheck = 1500;
				LastUpgradeCheck = 1500;
				TargetAttributes = {
					378CBBBD2B15550E009C230A = {
						CreatedOnToolsVersion = 15.0.1;
					};
					378CBBCC2B155550009C230A = {
						CreatedOnToolsVersion = 15.0.1;
					};
				};
			};
			buildConfigurationList = 378CBBB92B15550E009C230A /* Build configuration list for PBXProject "AoC 2023" */;
			compatibilityVersion = "Xcode 14.0";
			developmentRegion = en;
			hasScannedForEncodings = 0;
			knownRegions = (
				en,
				Base,
			);
			mainGroup = 378CBBB52B15550E009C230A;
			productRefGroup = 378CBBBF2B15550E009C230A /* Products */;
			projectDirPath = "";
			projectRoot = "";
			targets = (
				378CBBBD2B15550E009C230A /* AoC 2023 */,
				378CBBCC2B155550009C230A /* AoC2023Tests */,
			);
		};
/* End PBXProject section */

/* Begin PBXResourcesBuildPhase section */
		378CBBCB2B155550009C230A /* Resources */ = {
			isa = PBXResourcesBuildPhase;
			buildActionMask = 2147483647;
			files = (
			);
			runOnlyForDeploymentPostprocessing = 0;
		};
/* End PBXResourcesBuildPhase section */

/* Begin PBXSourcesBuildPhase section */
		378CBBBA2B15550E009C230A /* Sources */ = {
			isa = PBXSourcesBuildPhase;
			buildActionMask = 2147483647;
			files = (
				378CBBD92B1555AD009C230A /* AoCSpatial.swift in Sources */,
				378CBBF52B155D42009C230A /* AoCGrid2D.swift in Sources */,
				378CBBEE2B155AF7009C230A /* AoCInput.swift in Sources */,
				378CBBE82B15561E009C230A /* Day00.swift in Sources */,
				379C0AE32B2A47AF00AB4F5F /* Day13.swift in Sources */,
				378CBBDA2B1555AD009C230A /* AoCUtil.swift in Sources */,
				3781146D2B20C10400F63025 /* Day05.swift in Sources */,
				3758DA8D2B2B6E2F00B31637 /* Day14.swift in Sources */,
				378CBBD82B1555AD009C230A /* AoCString.swift in Sources */,
				37060D242B263DDA00A788F5 /* Day10.swift in Sources */,
				378CBBEB2B155ADE009C230A /* AoCSolution.swift in Sources */,
				37A06EFD2B2DF90100361F4C /* Day16.swift in Sources */,
				37ECEFE22B2F93820008B90A /* Day17.swift in Sources */,
				375584552B235243005A9544 /* Day08.swift in Sources */,
				378CBBC22B15550E009C230A /* main.swift in Sources */,
				3785D65E2B28B8F400FBC3A8 /* Day12.swift in Sources */,
			);
			runOnlyForDeploymentPostprocessing = 0;
		};
		378CBBC92B155550009C230A /* Sources */ = {
			isa = PBXSourcesBuildPhase;
			buildActionMask = 2147483647;
			files = (
				378CBBF32B155C46009C230A /* AoCSolutionTests.swift in Sources */,
				378CBBF62B155D42009C230A /* AoCGrid2D.swift in Sources */,
				379C0AE42B2A47AF00AB4F5F /* Day13.swift in Sources */,
				378CBBF82B155D81009C230A /* AoCGridTests.swift in Sources */,
				378CBBE12B1555DF009C230A /* AoCSpatial.swift in Sources */,
				378CBBDE2B1555BE009C230A /* AoCSpatialTests.swift in Sources */,
				37060D252B263DDA00A788F5 /* Day10.swift in Sources */,
				378CBBE02B1555BE009C230A /* AoCUtilTests.swift in Sources */,
				3785D65F2B28B8F400FBC3A8 /* Day12.swift in Sources */,
				378CBBE32B1555E3009C230A /* AoCUtil.swift in Sources */,
				3758DA8E2B2B6E2F00B31637 /* Day14.swift in Sources */,
				37A06EFE2B2DF90100361F4C /* Day16.swift in Sources */,
				378CBBEF2B155AF7009C230A /* AoCInput.swift in Sources */,
				37ECEFE32B2F93820008B90A /* Day17.swift in Sources */,
				375584562B235243005A9544 /* Day08.swift in Sources */,
				378CBBE92B1557E6009C230A /* Day00.swift in Sources */,
				3781146E2B20C1F200F63025 /* Day05.swift in Sources */,
				378CBBE22B1555E1009C230A /* AoCString.swift in Sources */,
				378CBBF12B155BFC009C230A /* AoCInputTests.swift in Sources */,
				378CBBEC2B155ADE009C230A /* AoCSolution.swift in Sources */,
				378CBBDF2B1555BE009C230A /* AoCStringTests.swift in Sources */,
			);
			runOnlyForDeploymentPostprocessing = 0;
		};
/* End PBXSourcesBuildPhase section */

/* Begin XCBuildConfiguration section */
		378CBBC32B15550E009C230A /* Debug */ = {
			isa = XCBuildConfiguration;
			buildSettings = {
				ALWAYS_SEARCH_USER_PATHS = NO;
				ASSETCATALOG_COMPILER_GENERATE_SWIFT_ASSET_SYMBOL_EXTENSIONS = YES;
				CLANG_ANALYZER_NONNULL = YES;
				CLANG_ANALYZER_NUMBER_OBJECT_CONVERSION = YES_AGGRESSIVE;
				CLANG_CXX_LANGUAGE_STANDARD = "gnu++20";
				CLANG_ENABLE_MODULES = YES;
				CLANG_ENABLE_OBJC_ARC = YES;
				CLANG_ENABLE_OBJC_WEAK = YES;
				CLANG_WARN_BLOCK_CAPTURE_AUTORELEASING = YES;
				CLANG_WARN_BOOL_CONVERSION = YES;
				CLANG_WARN_COMMA = YES;
				CLANG_WARN_CONSTANT_CONVERSION = YES;
				CLANG_WARN_DEPRECATED_OBJC_IMPLEMENTATIONS = YES;
				CLANG_WARN_DIRECT_OBJC_ISA_USAGE = YES_ERROR;
				CLANG_WARN_DOCUMENTATION_COMMENTS = YES;
				CLANG_WARN_EMPTY_BODY = YES;
				CLANG_WARN_ENUM_CONVERSION = YES;
				CLANG_WARN_INFINITE_RECURSION = YES;
				CLANG_WARN_INT_CONVERSION = YES;
				CLANG_WARN_NON_LITERAL_NULL_CONVERSION = YES;
				CLANG_WARN_OBJC_IMPLICIT_RETAIN_SELF = YES;
				CLANG_WARN_OBJC_LITERAL_CONVERSION = YES;
				CLANG_WARN_OBJC_ROOT_CLASS = YES_ERROR;
				CLANG_WARN_QUOTED_INCLUDE_IN_FRAMEWORK_HEADER = YES;
				CLANG_WARN_RANGE_LOOP_ANALYSIS = YES;
				CLANG_WARN_STRICT_PROTOTYPES = YES;
				CLANG_WARN_SUSPICIOUS_MOVE = YES;
				CLANG_WARN_UNGUARDED_AVAILABILITY = YES_AGGRESSIVE;
				CLANG_WARN_UNREACHABLE_CODE = YES;
				CLANG_WARN__DUPLICATE_METHOD_MATCH = YES;
				COPY_PHASE_STRIP = NO;
				DEBUG_INFORMATION_FORMAT = dwarf;
				ENABLE_STRICT_OBJC_MSGSEND = YES;
				ENABLE_TESTABILITY = YES;
				ENABLE_USER_SCRIPT_SANDBOXING = YES;
				GCC_C_LANGUAGE_STANDARD = gnu17;
				GCC_DYNAMIC_NO_PIC = NO;
				GCC_NO_COMMON_BLOCKS = YES;
				GCC_OPTIMIZATION_LEVEL = 0;
				GCC_PREPROCESSOR_DEFINITIONS = (
					"DEBUG=1",
					"$(inherited)",
				);
				GCC_WARN_64_TO_32_BIT_CONVERSION = YES;
				GCC_WARN_ABOUT_RETURN_TYPE = YES_ERROR;
				GCC_WARN_UNDECLARED_SELECTOR = YES;
				GCC_WARN_UNINITIALIZED_AUTOS = YES_AGGRESSIVE;
				GCC_WARN_UNUSED_FUNCTION = YES;
				GCC_WARN_UNUSED_VARIABLE = YES;
				LOCALIZATION_PREFERS_STRING_CATALOGS = YES;
				MACOSX_DEPLOYMENT_TARGET = 14.0;
				MTL_ENABLE_DEBUG_INFO = INCLUDE_SOURCE;
				MTL_FAST_MATH = YES;
				ONLY_ACTIVE_ARCH = YES;
				SDKROOT = macosx;
				SWIFT_ACTIVE_COMPILATION_CONDITIONS = "DEBUG $(inherited)";
				SWIFT_OPTIMIZATION_LEVEL = "-Onone";
			};
			name = Debug;
		};
		378CBBC42B15550E009C230A /* Release */ = {
			isa = XCBuildConfiguration;
			buildSettings = {
				ALWAYS_SEARCH_USER_PATHS = NO;
				ASSETCATALOG_COMPILER_GENERATE_SWIFT_ASSET_SYMBOL_EXTENSIONS = YES;
				CLANG_ANALYZER_NONNULL = YES;
				CLANG_ANALYZER_NUMBER_OBJECT_CONVERSION = YES_AGGRESSIVE;
				CLANG_CXX_LANGUAGE_STANDARD = "gnu++20";
				CLANG_ENABLE_MODULES = YES;
				CLANG_ENABLE_OBJC_ARC = YES;
				CLANG_ENABLE_OBJC_WEAK = YES;
				CLANG_WARN_BLOCK_CAPTURE_AUTORELEASING = YES;
				CLANG_WARN_BOOL_CONVERSION = YES;
				CLANG_WARN_COMMA = YES;
				CLANG_WARN_CONSTANT_CONVERSION = YES;
				CLANG_WARN_DEPRECATED_OBJC_IMPLEMENTATIONS = YES;
				CLANG_WARN_DIRECT_OBJC_ISA_USAGE = YES_ERROR;
				CLANG_WARN_DOCUMENTATION_COMMENTS = YES;
				CLANG_WARN_EMPTY_BODY = YES;
				CLANG_WARN_ENUM_CONVERSION = YES;
				CLANG_WARN_INFINITE_RECURSION = YES;
				CLANG_WARN_INT_CONVERSION = YES;
				CLANG_WARN_NON_LITERAL_NULL_CONVERSION = YES;
				CLANG_WARN_OBJC_IMPLICIT_RETAIN_SELF = YES;
				CLANG_WARN_OBJC_LITERAL_CONVERSION = YES;
				CLANG_WARN_OBJC_ROOT_CLASS = YES_ERROR;
				CLANG_WARN_QUOTED_INCLUDE_IN_FRAMEWORK_HEADER = YES;
				CLANG_WARN_RANGE_LOOP_ANALYSIS = YES;
				CLANG_WARN_STRICT_PROTOTYPES = YES;
				CLANG_WARN_SUSPICIOUS_MOVE = YES;
				CLANG_WARN_UNGUARDED_AVAILABILITY = YES_AGGRESSIVE;
				CLANG_WARN_UNREACHABLE_CODE = YES;
				CLANG_WARN__DUPLICATE_METHOD_MATCH = YES;
				COPY_PHASE_STRIP = NO;
				DEBUG_INFORMATION_FORMAT = "dwarf-with-dsym";
				ENABLE_NS_ASSERTIONS = NO;
				ENABLE_STRICT_OBJC_MSGSEND = YES;
				ENABLE_USER_SCRIPT_SANDBOXING = YES;
				GCC_C_LANGUAGE_STANDARD = gnu17;
				GCC_NO_COMMON_BLOCKS = YES;
				GCC_WARN_64_TO_32_BIT_CONVERSION = YES;
				GCC_WARN_ABOUT_RETURN_TYPE = YES_ERROR;
				GCC_WARN_UNDECLARED_SELECTOR = YES;
				GCC_WARN_UNINITIALIZED_AUTOS = YES_AGGRESSIVE;
				GCC_WARN_UNUSED_FUNCTION = YES;
				GCC_WARN_UNUSED_VARIABLE = YES;
				LOCALIZATION_PREFERS_STRING_CATALOGS = YES;
				MACOSX_DEPLOYMENT_TARGET = 14.0;
				MTL_ENABLE_DEBUG_INFO = NO;
				MTL_FAST_MATH = YES;
				SDKROOT = macosx;
				SWIFT_COMPILATION_MODE = wholemodule;
			};
			name = Release;
		};
		378CBBC62B15550E009C230A /* Debug */ = {
			isa = XCBuildConfiguration;
			buildSettings = {
				CODE_SIGN_ENTITLEMENTS = "AoC 2023/AoC 2023.entitlements";
				CODE_SIGN_STYLE = Automatic;
				DEVELOPMENT_TEAM = TQU5FGEV2A;
				ENABLE_HARDENED_RUNTIME = NO;
				PRODUCT_NAME = "$(TARGET_NAME)";
				SWIFT_VERSION = 5.0;
			};
			name = Debug;
		};
		378CBBC72B15550E009C230A /* Release */ = {
			isa = XCBuildConfiguration;
			buildSettings = {
				CODE_SIGN_ENTITLEMENTS = "AoC 2023/AoC 2023.entitlements";
				CODE_SIGN_STYLE = Automatic;
				DEVELOPMENT_TEAM = TQU5FGEV2A;
				ENABLE_HARDENED_RUNTIME = NO;
				PRODUCT_NAME = "$(TARGET_NAME)";
				SWIFT_VERSION = 5.0;
			};
			name = Release;
		};
		378CBBD22B155550009C230A /* Debug */ = {
			isa = XCBuildConfiguration;
			buildSettings = {
				CODE_SIGN_STYLE = Automatic;
				CURRENT_PROJECT_VERSION = 1;
				DEVELOPMENT_TEAM = TQU5FGEV2A;
				GENERATE_INFOPLIST_FILE = YES;
				MARKETING_VERSION = 1.0;
				PRODUCT_BUNDLE_IDENTIFIER = ca.biickert.ii.AoC2023Tests;
				PRODUCT_NAME = "$(TARGET_NAME)";
				SWIFT_EMIT_LOC_STRINGS = NO;
				SWIFT_VERSION = 5.0;
			};
			name = Debug;
		};
		378CBBD32B155550009C230A /* Release */ = {
			isa = XCBuildConfiguration;
			buildSettings = {
				CODE_SIGN_STYLE = Automatic;
				CURRENT_PROJECT_VERSION = 1;
				DEVELOPMENT_TEAM = TQU5FGEV2A;
				GENERATE_INFOPLIST_FILE = YES;
				MARKETING_VERSION = 1.0;
				PRODUCT_BUNDLE_IDENTIFIER = ca.biickert.ii.AoC2023Tests;
				PRODUCT_NAME = "$(TARGET_NAME)";
				SWIFT_EMIT_LOC_STRINGS = NO;
				SWIFT_VERSION = 5.0;
			};
			name = Release;
		};
/* End XCBuildConfiguration section */

/* Begin XCConfigurationList section */
		378CBBB92B15550E009C230A /* Build configuration list for PBXProject "AoC 2023" */ = {
			isa = XCConfigurationList;
			buildConfigurations = (
				378CBBC32B15550E009C230A /* Debug */,
				378CBBC42B15550E009C230A /* Release */,
			);
			defaultConfigurationIsVisible = 0;
			defaultConfigurationName = Release;
		};
		378CBBC52B15550E009C230A /* Build configuration list for PBXNativeTarget "AoC 2023" */ = {
			isa = XCConfigurationList;
			buildConfigurations = (
				378CBBC62B15550E009C230A /* Debug */,
				378CBBC72B15550E009C230A /* Release */,
			);
			defaultConfigurationIsVisible = 0;
			defaultConfigurationName = Release;
		};
		378CBBD12B155550009C230A /* Build configuration list for PBXNativeTarget "AoC2023Tests" */ = {
			isa = XCConfigurationList;
			buildConfigurations = (
				378CBBD22B155550009C230A /* Debug */,
				378CBBD32B155550009C230A /* Release */,
			);
			defaultConfigurationIsVisible = 0;
			defaultConfigurationName = Release;
		};
/* End XCConfigurationList section */
	};
	rootObject = 378CBBB62B15550E009C230A /* Project object */;
}
